
Microsoft Visual Studio Solution File, Format Version 12.00
# Visual Studio Version 16
VisualStudioVersion = 16.0.28803.452
MinimumVisualStudioVersion = 10.0.40219.1
Project("{8BC9CEB8-8B4A-11D0-8D11-00A0C91BC942}") = "PortfolioGraphics", "PortfolioGraphics\PortfolioGraphics.vcxproj", "{7E33FB7B-4482-47A7-BC83-A6360C166D80}"
EndProject
Global
	GlobalSection(SolutionConfigurationPlatforms) = preSolution
		Debug|x64 = Debug|x64
		Debug|x86 = Debug|x86
		Release|x64 = Release|x64
		Release|x86 = Release|x86
	EndGlobalSection
	GlobalSection(ProjectConfigurationPlatforms) = postSolution
		{7E33FB7B-4482-47A7-BC83-A6360C166D80}.Debug|x64.ActiveCfg = Debug|x64
		{7E33FB7B-4482-47A7-BC83-A6360C166D80}.Debug|x64.Build.0 = Debug|x64
		{7E33FB7B-4482-47A7-BC83-A6360C166D80}.Debug|x86.ActiveCfg = Debug|Win32
		{7E33FB7B-4482-47A7-BC83-A6360C166D80}.Debug|x86.Build.0 = Debug|Win32
		{7E33FB7B-4482-47A7-BC83-A6360C166D80}.Release|x64.ActiveCfg = Release|x64
		{7E33FB7B-4482-47A7-BC83-A6360C166D80}.Release|x64.Build.0 = Release|x64
		{7E33FB7B-4482-47A7-BC83-A6360C166D80}.Release|x86.ActiveCfg = Release|Win32
		{7E33FB7B-4482-47A7-BC83-A6360C166D80}.Release|x86.Build.0 = Release|Win32
	EndGlobalSection
	GlobalSection(SolutionProperties) = preSolution
		HideSolutionNode = FALSE
	EndGlobalSection
	GlobalSection(ExtensibilityGlobals) = postSolution
		SolutionGuid = {FBED95AC-1450-443B-8819-D5FB09262422}
	EndGlobalSection
EndGlobal
